lockfileVersion: '9.0'

settings:
  autoInstallPeers: true
  excludeLinksFromLockfile: false

importers:

  .:
    dependencies:
      '@stellar/freighter-api':
        specifier: ^1.7.0
        version: 1.7.1
      '@stellar/stellar-sdk':
        specifier: ^11.2.2
        version: 11.3.0
      class-variance-authority:
        specifier: ^0.7.1
        version: 0.7.1
      clsx:
        specifier: ^2.1.1
        version: 2.1.1
      lucide-react:
        specifier: ^0.574.0
        version: 0.574.0
      next:
        specifier: 16.1.6
        version: 16.1.6(@babel/core@7.26.0)(@opentelemetry/api@1.9.0)(@playwright/test@1.49.1)(react-dom@19.2.3(react@19.2.3))(react@19.2.3)
      radix-ui:
        specifier: ^1.4.3
        version: 1.4.3
      react:
        specifier: 19.2.3
        version: 19.2.3
      react-dom:
        specifier: 19.2.3
        version: 19.2.3(react@19.2.3)
      react-icons:
        specifier: ^5.5.0
        version: 5.5.0(react@19.2.3)
      tailwind-merge:
        specifier: ^3.5.0
        version: 3.5.0
      zod:
        specifier: ^4.3.6
        version: 4.3.6
    devDependencies:
      '@tailwindcss/postcss':
        specifier: ^4
        version: 4.0.0(postcss@8.5.1)
      '@types/node':
        specifier: ^20
        version: 20.17.10
      '@types/react':
        specifier: ^19
        version: 19.0.2
      '@types/react-dom':
        specifier: ^19
        version: 19.0.2
      eslint:
        specifier: ^9
        version: 9.17.0
      eslint-config-next:
        specifier: 16.1.6
        version: 16.1.6(eslint@9.17.0)(typescript@5.7.3)
      shadcn:
        specifier: ^3.8.5
        version: 3.8.5
      tailwindcss:
        specifier: ^4
        version: 4.0.0(@types/node@20.17.10)(postcss@8.5.1)(ts-node@10.9.2(@types/node@20.17.10)(typescript@5.7.3))
      tw-animate-css:
        specifier: ^1.4.0
        version: 1.4.0
      typescript:
        specifier: ^5
        version: 5.7.3

packages:

  '@babel/code-frame@7.26.2':
    resolution: {integrity: sha512-RJlIHRueQgwWitWgF8OdFYGZX328Ax5BCemNGlqHfplnRT9ESi8JkFlvaVYbS+UubVY6dpv87Fs2u5M29iNFVQ==}
    engines: {node: '>=6.9.0'}

  '@babel/core@7.26.0':
    resolution: {integrity: sha512-i1SLeK+DzNnQ3LL/CswPCa/E5u4lh1k6IAEphON8F+cXt0t9euTshDru0q7/IqMa1PMPz5RnHuHscF8/ZJsStg==}
    engines: {node: '>=6.9.0'}

  react-icons@5.5.0:
    resolution: {integrity: sha512-CSvtay2o3jt2lhqFdPNUmKuyOqzazZrFnd7HVa6KpIBz0hLI/trAkwNfXdea6gOiUQHHM6XfmQ+fak2GIr3VKA==}
    peerDependencies:
      react: '*'

snapshots:

  '@babel/code-frame@7.26.2':
    dependencies:
      '@babel/highlight': 7.25.9
      picocolors: 1.1.1

  '@babel/core@7.26.0':
    dependencies:
      '@ampproject/remapping': 2.3.0
      '@babel/code-frame': 7.26.2
      '@babel/generator': 7.26.2
      '@babel/helper-compilation-targets': 7.25.9
      '@babel/helper-module-transforms': 7.26.0(@babel/core@7.26.0)
      '@babel/helpers': 7.26.0
      '@babel/parser': 7.26.2
      '@babel/template': 7.25.9
      '@babel/traverse': 7.25.9
      '@babel/types': 7.26.0
      convert-source-map: 2.0.0
      debug: 4.4.0
      gensync: 1.0.0-beta.2
      json5: 2.2.3
      semver: 6.3.1

  react-icons@5.5.0(react@19.2.3):
    dependencies:
      react: 19.2.3