lockfileVersion: '9.0'

settings:
  autoInstallPeers: true
  excludeLinksFromLockfile: false

importers:
  .:
    dependencies:
      '@hookform/resolvers':
        specifier: ^5.2.2
        version: 5.2.2(react-hook-form@7.71.2(react@19.2.3))
      '@stellar/freighter-api':
        specifier: ^1.7.0
        version: 1.7.1
      '@stellar/stellar-sdk':
        specifier: ^11.2.2
        version: 11.3.0
      '@tanstack/react-query':
        specifier: ^5.90.21
        version: 5.90.21(react@19.2.3)
      class-variance-authority:
        specifier: ^0.7.1
        version: 0.7.1
      clsx:
        specifier: ^2.1.1
        version: 2.1.1
      lucide-react:
        specifier: ^0.574.0
        version: 0.574.0(react@19.2.3)
      next:
        specifier: 16.1.6
        version: 16.1.6(@babel/core@7.29.0)(react-dom@19.2.3(react@19.2.3))(react@19.2.3)
      radix-ui:
        specifier: ^1.4.3
        version: 1.4.3(@types/react-dom@19.2.3(@types/react@19.2.14))(@types/react@19.2.14)(react-dom@19.2.3(react@19.2.3))(react@19.2.3)
      react:
        specifier: 19.2.3
        version: 19.2.3
      react-dom:
        specifier: 19.2.3
        version: 19.2.3(react@19.2.3)
      react-hook-form:
        specifier: ^7.71.2
        version: 7.71.2(react@19.2.3)
      react-icons:
        specifier: ^5.5.0
        version: 5.5.0(react@19.2.3)
      stellar-sdk:
        specifier: ^13.3.0
        version: 13.3.0
      tailwind-merge:
        specifier: ^3.5.0
        version: 3.5.0
      zod:
        specifier: ^4.3.6
        version: 4.3.6
    devDependencies:
      '@tailwindcss/postcss':
        specifier: ^4
        version: 4.2.0
      '@types/node':
        specifier: ^20
        version: 20.19.33
      '@types/react':
        specifier: ^19
        version: 19.2.14
      '@types/react-dom':
        specifier: ^19
        version: 19.2.3(@types/react@19.2.14)
      '@typescript-eslint/eslint-plugin':
        specifier: ^8.56.0
        version: 8.56.0(@typescript-eslint/parser@8.56.0(eslint@9.39.2(jiti@2.6.1))(typescript@5.9.3))(eslint@9.39.2(jiti@2.6.1))(typescript@5.9.3)
      '@typescript-eslint/parser':
        specifier: ^8.56.0
        version: 8.56.0(eslint@9.39.2(jiti@2.6.1))(typescript@5.9.3)
      eslint:
        specifier: ^9
        version: 9.39.2(jiti@2.6.1)
      eslint-config-next:
        specifier: 16.1.6
        version: 16.1.6(@typescript-eslint/parser@8.56.0(eslint@9.39.2(jiti@2.6.1))(typescript@5.9.3))(eslint@9.39.2(jiti@2.6.1))(typescript@5.9.3)
      eslint-config-prettier:
        specifier: ^10.1.8
        version: 10.1.8(eslint@9.39.2(jiti@2.6.1))
      eslint-plugin-prettier:
        specifier: ^5.5.5
        version: 5.5.5(eslint-config-prettier@10.1.8(eslint@9.39.2(jiti@2.6.1)))(eslint@9.39.2(jiti@2.6.1))(prettier@3.8.1)
      eslint-plugin-react:
        specifier: ^7.37.5
        version: 7.37.5(eslint@9.39.2(jiti@2.6.1))
      eslint-plugin-react-hooks:
        specifier: ^7.0.1
        version: 7.0.1(eslint@9.39.2(jiti@2.6.1))
      prettier:
        specifier: ^3.8.1
        version: 3.8.1
      prettier-plugin-tailwindcss:
        specifier: ^0.7.2
        version: 0.7.2(prettier@3.8.1)
      shadcn:
        specifier: ^3.8.5
        version: 3.8.5(@types/node@20.19.33)(typescript@5.9.3)
      tailwindcss:
        specifier: ^4
        version: 4.2.0
      tw-animate-css:
        specifier: ^1.4.0
        version: 1.4.0
      typescript:
        specifier: ^5
        version: 5.9.3